// !$*UTF8*$!
{
	archiveVersion = 1;
	classes = {
	};
	objectVersion = 55;
	objects = {

/* Begin PBXBuildFile section */
		D85ABAD8293CE3F700B4869F /* HomeViewController.swift in Sources */ = {isa = PBXBuildFile; fileRef = D85ABAD6293CE3F700B4869F /* HomeViewController.swift */; };
		D85ABAD9293CE3F700B4869F /* HomeViewController.xib in Resources */ = {isa = PBXBuildFile; fileRef = D85ABAD7293CE3F700B4869F /* HomeViewController.xib */; };
		D85ABADC293CEF7300B4869F /* CAGradientLayer++.swift in Sources */ = {isa = PBXBuildFile; fileRef = D85ABADB293CEF7300B4869F /* CAGradientLayer++.swift */; };
		D89F187B293CD3DE007E1D38 /* AppDelegate.swift in Sources */ = {isa = PBXBuildFile; fileRef = D89F187A293CD3DE007E1D38 /* AppDelegate.swift */; };
		D89F187D293CD3DE007E1D38 /* SceneDelegate.swift in Sources */ = {isa = PBXBuildFile; fileRef = D89F187C293CD3DE007E1D38 /* SceneDelegate.swift */; };
		D89F1884293CD3E0007E1D38 /* Assets.xcassets in Resources */ = {isa = PBXBuildFile; fileRef = D89F1883293CD3E0007E1D38 /* Assets.xcassets */; };
		D89F1887293CD3E0007E1D38 /* LaunchScreen.storyboard in Resources */ = {isa = PBXBuildFile; fileRef = D89F1885293CD3E0007E1D38 /* LaunchScreen.storyboard */; };
		D89F1894293CD8AD007E1D38 /* HomePresenter.swift in Sources */ = {isa = PBXBuildFile; fileRef = D89F1893293CD8AD007E1D38 /* HomePresenter.swift */; };
		D8C1245E293D16B9001CB4A5 /* Speacker Clean Sound.mp3 in Resources */ = {isa = PBXBuildFile; fileRef = D8C1245D293D16B8001CB4A5 /* Speacker Clean Sound.mp3 */; };
		D8C12462293DCB7A001CB4A5 /* UIImage++.swift in Sources */ = {isa = PBXBuildFile; fileRef = D8C12461293DCB7A001CB4A5 /* UIImage++.swift */; };
		D8C12465293FB9C6001CB4A5 /* audio-wave-bold.gif in Resources */ = {isa = PBXBuildFile; fileRef = D8C12463293FB9C6001CB4A5 /* audio-wave-bold.gif */; };
		D8C12466293FB9C6001CB4A5 /* audio-wave-thin.gif in Resources */ = {isa = PBXBuildFile; fileRef = D8C12464293FB9C6001CB4A5 /* audio-wave-thin.gif */; };
/* End PBXBuildFile section */

/* Begin PBXFileReference section */
		D85ABAD6293CE3F700B4869F /* HomeViewController.swift */ = {isa = PBXFileReference; lastKnownFileType = sourcecode.swift; path = HomeViewController.swift; sourceTree = "<group>"; };
		D85ABAD7293CE3F700B4869F /* HomeViewController.xib */ = {isa = PBXFileReference; lastKnownFileType = file.xib; path = HomeViewController.xib; sourceTree = "<group>"; };
		D85ABADB293CEF7300B4869F /* CAGradientLayer++.swift */ = {isa = PBXFileReference; lastKnownFileType = sourcecode.swift; path = "CAGradientLayer++.swift"; sourceTree = "<group>"; };
		D89F1877293CD3DE007E1D38 /* SpeackerCleaner.app */ = {isa = PBXFileReference; explicitFileType = wrapper.application; includeInIndex = 0; path = SpeackerCleaner.app; sourceTree = BUILT_PRODUCTS_DIR; };
		D89F187A293CD3DE007E1D38 /* AppDelegate.swift */ = {isa = PBXFileReference; lastKnownFileType = sourcecode.swift; path = AppDelegate.swift; sourceTree = "<group>"; };
		D89F187C293CD3DE007E1D38 /* SceneDelegate.swift */ = {isa = PBXFileReference; lastKnownFileType = sourcecode.swift; path = SceneDelegate.swift; sourceTree = "<group>"; };
		D89F1883293CD3E0007E1D38 /* Assets.xcassets */ = {isa = PBXFileReference; lastKnownFileType = folder.assetcatalog; path = Assets.xcassets; sourceTree = "<group>"; };
		D89F1886293CD3E0007E1D38 /* Base */ = {isa = PBXFileReference; lastKnownFileType = file.storyboard; name = Base; path = Base.lproj/LaunchScreen.storyboard; sourceTree = "<group>"; };
		D89F1888293CD3E0007E1D38 /* Info.plist */ = {isa = PBXFileReference; lastKnownFileType = text.plist.xml; path = Info.plist; sourceTree = "<group>"; };
		D89F1893293CD8AD007E1D38 /* HomePresenter.swift */ = {isa = PBXFileReference; lastKnownFileType = sourcecode.swift; path = HomePresenter.swift; sourceTree = "<group>"; };
		D8C1245D293D16B8001CB4A5 /* Speacker Clean Sound.mp3 */ = {isa = PBXFileReference; lastKnownFileType = audio.mp3; path = "Speacker Clean Sound.mp3"; sourceTree = "<group>"; };
		D8C12461293DCB7A001CB4A5 /* UIImage++.swift */ = {isa = PBXFileReference; lastKnownFileType = sourcecode.swift; path = "UIImage++.swift"; sourceTree = "<group>"; };
		D8C12463293FB9C6001CB4A5 /* audio-wave-bold.gif */ = {isa = PBXFileReference; lastKnownFileType = image.gif; path = "audio-wave-bold.gif"; sourceTree = "<group>"; };
		D8C12464293FB9C6001CB4A5 /* audio-wave-thin.gif */ = {isa = PBXFileReference; lastKnownFileType = image.gif; path = "audio-wave-thin.gif"; sourceTree = "<group>"; };
/* End PBXFileReference section */

/* Begin PBXFrameworksBuildPhase section */
		D89F1874293CD3DE007E1D38 /* Frameworks */ = {
			isa = PBXFrameworksBuildPhase;
			buildActionMask = 2147483647;
			files = (
			);
			runOnlyForDeploymentPostprocessing = 0;
		};
/* End PBXFrameworksBuildPhase section */

/* Begin PBXGroup section */
		D85ABADA293CEF6300B4869F /* Extensions */ = {
			isa = PBXGroup;
			children = (
				D85ABADB293CEF7300B4869F /* CAGradientLayer++.swift */,
				D8C12461293DCB7A001CB4A5 /* UIImage++.swift */,
			);
			path = Extensions;
			sourceTree = "<group>";
		};
		D89F186E293CD3DE007E1D38 = {
			isa = PBXGroup;
			children = (
				D89F1879293CD3DE007E1D38 /* SpeackerCleaner */,
				D89F1878293CD3DE007E1D38 /* Products */,
			);
			sourceTree = "<group>";
		};
		D89F1878293CD3DE007E1D38 /* Products */ = {
			isa = PBXGroup;
			children = (
				D89F1877293CD3DE007E1D38 /* SpeackerCleaner.app */,
			);
			name = Products;
			sourceTree = "<group>";
		};
		D89F1879293CD3DE007E1D38 /* SpeackerCleaner */ = {
			isa = PBXGroup;
			children = (
				D8C12458293D124B001CB4A5 /* Resources */,
				D89F1888293CD3E0007E1D38 /* Info.plist */,
				D89F188E293CD3E5007E1D38 /* Extra */,
				D85ABADA293CEF6300B4869F /* Extensions */,
				D89F188F293CD406007E1D38 /* Home */,
			);
			path = SpeackerCleaner;
			sourceTree = "<group>";
		};
		D89F188E293CD3E5007E1D38 /* Extra */ = {
			isa = PBXGroup;
			children = (
				D89F187A293CD3DE007E1D38 /* AppDelegate.swift */,
				D89F187C293CD3DE007E1D38 /* SceneDelegate.swift */,
				D89F1883293CD3E0007E1D38 /* Assets.xcassets */,
				D89F1885293CD3E0007E1D38 /* LaunchScreen.storyboard */,
			);
			path = Extra;
			sourceTree = "<group>";
		};
		D89F188F293CD406007E1D38 /* Home */ = {
			isa = PBXGroup;
			children = (
				D89F1892293CD887007E1D38 /* Presenter */,
				D89F1891293CD881007E1D38 /* View */,
				D89F1890293CD87A007E1D38 /* Models */,
			);
			path = Home;
			sourceTree = "<group>";
		};
		D89F1890293CD87A007E1D38 /* Models */ = {
			isa = PBXGroup;
			children = (
			);
			path = Models;
			sourceTree = "<group>";
		};
		D89F1891293CD881007E1D38 /* View */ = {
			isa = PBXGroup;
			children = (
				D89F1897293CD8C1007E1D38 /* ViewController */,
			);
			path = View;
			sourceTree = "<group>";
		};
		D89F1892293CD887007E1D38 /* Presenter */ = {
			isa = PBXGroup;
			children = (
				D89F1893293CD8AD007E1D38 /* HomePresenter.swift */,
			);
			path = Presenter;
			sourceTree = "<group>";
		};
		D89F1897293CD8C1007E1D38 /* ViewController */ = {
			isa = PBXGroup;
			children = (
				D85ABAD6293CE3F700B4869F /* HomeViewController.swift */,
				D85ABAD7293CE3F700B4869F /* HomeViewController.xib */,
			);
			path = ViewController;
			sourceTree = "<group>";
		};
		D8C12458293D124B001CB4A5 /* Resources */ = {
			isa = PBXGroup;
			children = (
				D8C12463293FB9C6001CB4A5 /* audio-wave-bold.gif */,
				D8C12464293FB9C6001CB4A5 /* audio-wave-thin.gif */,
				D8C1245D293D16B8001CB4A5 /* Speacker Clean Sound.mp3 */,
			);
			path = Resources;
			sourceTree = "<group>";
		};
/* End PBXGroup section */

/* Begin PBXNativeTarget section */
		D89F1876293CD3DE007E1D38 /* SpeackerCleaner */ = {
			isa = PBXNativeTarget;
			buildConfigurationList = D89F188B293CD3E0007E1D38 /* Build configuration list for PBXNativeTarget "SpeackerCleaner" */;
			buildPhases = (
				D89F1873293CD3DE007E1D38 /* Sources */,
				D89F1874293CD3DE007E1D38 /* Frameworks */,
				D89F1875293CD3DE007E1D38 /* Resources */,
			);
			buildRules = (
			);
			dependencies = (
			);
			name = SpeackerCleaner;
			productName = SpeackerCleaner;
			productReference = D89F1877293CD3DE007E1D38 /* SpeackerCleaner.app */;
			productType = "com.apple.product-type.application";
		};
/* End PBXNativeTarget section */

/* Begin PBXProject section */
		D89F186F293CD3DE007E1D38 /* Project object */ = {
			isa = PBXProject;
			attributes = {
				BuildIndependentTargetsInParallel = 1;
				LastSwiftUpdateCheck = 1340;
				LastUpgradeCheck = 1340;
				TargetAttributes = {
					D89F1876293CD3DE007E1D38 = {
						CreatedOnToolsVersion = 13.4.1;
					};
				};
			};
			buildConfigurationList = D89F1872293CD3DE007E1D38 /* Build configuration list for PBXProject "SpeackerCleaner" */;
			compatibilityVersion = "Xcode 13.0";
			developmentRegion = en;
			hasScannedForEncodings = 0;
			knownRegions = (
				en,
				Base,
			);
			mainGroup = D89F186E293CD3DE007E1D38;
			productRefGroup = D89F1878293CD3DE007E1D38 /* Products */;
			projectDirPath = "";
			projectRoot = "";
			targets = (
				D89F1876293CD3DE007E1D38 /* SpeackerCleaner */,
			);
		};
/* End PBXProject section */

/* Begin PBXResourcesBuildPhase section */
		D89F1875293CD3DE007E1D38 /* Resources */ = {
			isa = PBXResourcesBuildPhase;
			buildActionMask = 2147483647;
			files = (
				D8C12465293FB9C6001CB4A5 /* audio-wave-bold.gif in Resources */,
				D89F1887293CD3E0007E1D38 /* LaunchScreen.storyboard in Resources */,
				D89F1884293CD3E0007E1D38 /* Assets.xcassets in Resources */,
				D85ABAD9293CE3F700B4869F /* HomeViewController.xib in Resources */,
				D8C1245E293D16B9001CB4A5 /* Speacker Clean Sound.mp3 in Resources */,
				D8C12466293FB9C6001CB4A5 /* audio-wave-thin.gif in Resources */,
			);
			runOnlyForDeploymentPostprocessing = 0;
		};
/* End PBXResourcesBuildPhase section */

/* Begin PBXSourcesBuildPhase section */
		D89F1873293CD3DE007E1D38 /* Sources */ = {
			isa = PBXSourcesBuildPhase;
			buildActionMask = 2147483647;
			files = (
				D85ABAD8293CE3F700B4869F /* HomeViewController.swift in Sources */,
				D8C12462293DCB7A001CB4A5 /* UIImage++.swift in Sources */,
				D85ABADC293CEF7300B4869F /* CAGradientLayer++.swift in Sources */,
				D89F187B293CD3DE007E1D38 /* AppDelegate.swift in Sources */,
				D89F187D293CD3DE007E1D38 /* SceneDelegate.swift in Sources */,
				D89F1894293CD8AD007E1D38 /* HomePresenter.swift in Sources */,
			);
			runOnlyForDeploymentPostprocessing = 0;
		};
/* End PBXSourcesBuildPhase section */

/* Begin PBXVariantGroup section */
		D89F1885293CD3E0007E1D38 /* LaunchScreen.storyboard */ = {
			isa = PBXVariantGroup;
			children = (
				D89F1886293CD3E0007E1D38 /* Base */,
			);
			name = LaunchScreen.storyboard;
			sourceTree = "<group>";
		};
/* End PBXVariantGroup section */

/* Begin XCBuildConfiguration section */
		D89F1889293CD3E0007E1D38 /* Debug */ = {
			isa = XCBuildConfiguration;
			buildSettings = {
				ALWAYS_SEARCH_USER_PATHS = NO;
				CLANG_ANALYZER_NONNULL = YES;
				CLANG_ANALYZER_NUMBER_OBJECT_CONVERSION = YES_AGGRESSIVE;
				CLANG_CXX_LANGUAGE_STANDARD = "gnu++17";
				CLANG_ENABLE_MODULES = YES;
				CLANG_ENABLE_OBJC_ARC = YES;
				CLANG_ENABLE_OBJC_WEAK = YES;
				CLANG_WARN_BLOCK_CAPTURE_AUTORELEASING = YES;
				CLANG_WARN_BOOL_CONVERSION = YES;
				CLANG_WARN_COMMA = YES;
				CLANG_WARN_CONSTANT_CONVERSION = YES;
				CLANG_WARN_DEPRECATED_OBJC_IMPLEMENTATIONS = YES;
				CLANG_WARN_DIRECT_OBJC_ISA_USAGE = YES_ERROR;
				CLANG_WARN_DOCUMENTATION_COMMENTS = YES;
				CLANG_WARN_EMPTY_BODY = YES;
				CLANG_WARN_ENUM_CONVERSION = YES;
				CLANG_WARN_INFINITE_RECURSION = YES;
				CLANG_WARN_INT_CONVERSION = YES;
				CLANG_WARN_NON_LITERAL_NULL_CONVERSION = YES;
				CLANG_WARN_OBJC_IMPLICIT_RETAIN_SELF = YES;
				CLANG_WARN_OBJC_LITERAL_CONVERSION = YES;
				CLANG_WARN_OBJC_ROOT_CLASS = YES_ERROR;
				CLANG_WARN_QUOTED_INCLUDE_IN_FRAMEWORK_HEADER = YES;
				CLANG_WARN_RANGE_LOOP_ANALYSIS = YES;
				CLANG_WARN_STRICT_PROTOTYPES = YES;
				CLANG_WARN_SUSPICIOUS_MOVE = YES;
				CLANG_WARN_UNGUARDED_AVAILABILITY = YES_AGGRESSIVE;
				CLANG_WARN_UNREACHABLE_CODE = YES;
				CLANG_WARN__DUPLICATE_METHOD_MATCH = YES;
				COPY_PHASE_STRIP = NO;
				DEBUG_INFORMATION_FORMAT = dwarf;
				ENABLE_STRICT_OBJC_MSGSEND = YES;
				ENABLE_TESTABILITY = YES;
				GCC_C_LANGUAGE_STANDARD = gnu11;
				GCC_DYNAMIC_NO_PIC = NO;
				GCC_NO_COMMON_BLOCKS = YES;
				GCC_OPTIMIZATION_LEVEL = 0;
				GCC_PREPROCESSOR_DEFINITIONS = (
					"DEBUG=1",
					"$(inherited)",
				);
				GCC_WARN_64_TO_32_BIT_CONVERSION = YES;
				GCC_WARN_ABOUT_RETURN_TYPE = YES_ERROR;
				GCC_WARN_UNDECLARED_SELECTOR = YES;
				GCC_WARN_UNINITIALIZED_AUTOS = YES_AGGRESSIVE;
				GCC_WARN_UNUSED_FUNCTION = YES;
				GCC_WARN_UNUSED_VARIABLE = YES;
				IPHONEOS_DEPLOYMENT_TARGET = 13.0;
				MTL_ENABLE_DEBUG_INFO = INCLUDE_SOURCE;
				MTL_FAST_MATH = YES;
				ONLY_ACTIVE_ARCH = YES;
				SDKROOT = iphoneos;
				SWIFT_ACTIVE_COMPILATION_CONDITIONS = DEBUG;
				SWIFT_OPTIMIZATION_LEVEL = "-Onone";
			};
			name = Debug;
		};
		D89F188A293CD3E0007E1D38 /* Release */ = {
			isa = XCBuildConfiguration;
			buildSettings = {
				ALWAYS_SEARCH_USER_PATHS = NO;
				CLANG_ANALYZER_NONNULL = YES;
				CLANG_ANALYZER_NUMBER_OBJECT_CONVERSION = YES_AGGRESSIVE;
				CLANG_CXX_LANGUAGE_STANDARD = "gnu++17";
				CLANG_ENABLE_MODULES = YES;
				CLANG_ENABLE_OBJC_ARC = YES;
				CLANG_ENABLE_OBJC_WEAK = YES;
				CLANG_WARN_BLOCK_CAPTURE_AUTORELEASING = YES;
				CLANG_WARN_BOOL_CONVERSION = YES;
				CLANG_WARN_COMMA = YES;
				CLANG_WARN_CONSTANT_CONVERSION = YES;
				CLANG_WARN_DEPRECATED_OBJC_IMPLEMENTATIONS = YES;
				CLANG_WARN_DIRECT_OBJC_ISA_USAGE = YES_ERROR;
				CLANG_WARN_DOCUMENTATION_COMMENTS = YES;
				CLANG_WARN_EMPTY_BODY = YES;
				CLANG_WARN_ENUM_CONVERSION = YES;
				CLANG_WARN_INFINITE_RECURSION = YES;
				CLANG_WARN_INT_CONVERSION = YES;
				CLANG_WARN_NON_LITERAL_NULL_CONVERSION = YES;
				CLANG_WARN_OBJC_IMPLICIT_RETAIN_SELF = YES;
				CLANG_WARN_OBJC_LITERAL_CONVERSION = YES;
				CLANG_WARN_OBJC_ROOT_CLASS = YES_ERROR;
				CLANG_WARN_QUOTED_INCLUDE_IN_FRAMEWORK_HEADER = YES;
				CLANG_WARN_RANGE_LOOP_ANALYSIS = YES;
				CLANG_WARN_STRICT_PROTOTYPES = YES;
				CLANG_WARN_SUSPICIOUS_MOVE = YES;
				CLANG_WARN_UNGUARDED_AVAILABILITY = YES_AGGRESSIVE;
				CLANG_WARN_UNREACHABLE_CODE = YES;
				CLANG_WARN__DUPLICATE_METHOD_MATCH = YES;
				COPY_PHASE_STRIP = NO;
				DEBUG_INFORMATION_FORMAT = "dwarf-with-dsym";
				ENABLE_NS_ASSERTIONS = NO;
				ENABLE_STRICT_OBJC_MSGSEND = YES;
				GCC_C_LANGUAGE_STANDARD = gnu11;
				GCC_NO_COMMON_BLOCKS = YES;
				GCC_WARN_64_TO_32_BIT_CONVERSION = YES;
				GCC_WARN_ABOUT_RETURN_TYPE = YES_ERROR;
				GCC_WARN_UNDECLARED_SELECTOR = YES;
				GCC_WARN_UNINITIALIZED_AUTOS = YES_AGGRESSIVE;
				GCC_WARN_UNUSED_FUNCTION = YES;
				GCC_WARN_UNUSED_VARIABLE = YES;
				IPHONEOS_DEPLOYMENT_TARGET = 13.0;
				MTL_ENABLE_DEBUG_INFO = NO;
				MTL_FAST_MATH = YES;
				SDKROOT = iphoneos;
				SWIFT_COMPILATION_MODE = wholemodule;
				SWIFT_OPTIMIZATION_LEVEL = "-O";
				VALIDATE_PRODUCT = YES;
			};
			name = Release;
		};
		D89F188C293CD3E0007E1D38 /* Debug */ = {
			isa = XCBuildConfiguration;
			buildSettings = {
				ASSETCATALOG_COMPILER_APPICON_NAME = AppIcon;
				ASSETCATALOG_COMPILER_GLOBAL_ACCENT_COLOR_NAME = AccentColor;
				CODE_SIGN_STYLE = Automatic;
				CURRENT_PROJECT_VERSION = 1;
				DEVELOPMENT_TEAM = C4N44P7FC9;
				GENERATE_INFOPLIST_FILE = YES;
				INFOPLIST_FILE = SpeackerCleaner/Info.plist;
				INFOPLIST_KEY_UIApplicationSupportsIndirectInputEvents = YES;
				INFOPLIST_KEY_UILaunchStoryboardName = LaunchScreen;
				INFOPLIST_KEY_UISupportedInterfaceOrientations_iPad = "UIInterfaceOrientationPortrait UIInterfaceOrientationPortraitUpsideDown UIInterfaceOrientationLandscapeLeft UIInterfaceOrientationLandscapeRight";
				INFOPLIST_KEY_UISupportedInterfaceOrientations_iPhone = "UIInterfaceOrientationPortrait UIInterfaceOrientationLandscapeLeft UIInterfaceOrientationLandscapeRight";
				IPHONEOS_DEPLOYMENT_TARGET = 13.0;
				LD_RUNPATH_SEARCH_PATHS = (
					"$(inherited)",
					"@executable_path/Frameworks",
				);
				MARKETING_VERSION = 1.0;
				PRODUCT_BUNDLE_IDENTIFIER = com.siyrbayev.SpeackerCleaner;
				PRODUCT_NAME = "$(TARGET_NAME)";
				SWIFT_EMIT_LOC_STRINGS = YES;
				SWIFT_VERSION = 5.0;
				TARGETED_DEVICE_FAMILY = "1,2";
			};
			name = Debug;
		};
		D89F188D293CD3E0007E1D38 /* Release */ = {
			isa = XCBuildConfiguration;
			buildSettings = {
				ASSETCATALOG_COMPILER_APPICON_NAME = AppIcon;
				ASSETCATALOG_COMPILER_GLOBAL_ACCENT_COLOR_NAME = AccentColor;
				CODE_SIGN_STYLE = Automatic;
				CURRENT_PROJECT_VERSION = 1;
				DEVELOPMENT_TEAM = C4N44P7FC9;
				GENERATE_INFOPLIST_FILE = YES;
				INFOPLIST_FILE = SpeackerCleaner/Info.plist;
				INFOPLIST_KEY_UIApplicationSupportsIndirectInputEvents = YES;
				INFOPLIST_KEY_UILaunchStoryboardName = LaunchScreen;
				INFOPLIST_KEY_UISupportedInterfaceOrientations_iPad = "UIInterfaceOrientationPortrait UIInterfaceOrientationPortraitUpsideDown UIInterfaceOrientationLandscapeLeft UIInterfaceOrientationLandscapeRight";
				INFOPLIST_KEY_UISupportedInterfaceOrientations_iPhone = "UIInterfaceOrientationPortrait UIInterfaceOrientationLandscapeLeft UIInterfaceOrientationLandscapeRight";
				IPHONEOS_DEPLOYMENT_TARGET = 13.0;
				LD_RUNPATH_SEARCH_PATHS = (
					"$(inherited)",
					"@executable_path/Frameworks",
				);
				MARKETING_VERSION = 1.0;
				PRODUCT_BUNDLE_IDENTIFIER = com.siyrbayev.SpeackerCleaner;
				PRODUCT_NAME = "$(TARGET_NAME)";
				SWIFT_EMIT_LOC_STRINGS = YES;
				SWIFT_VERSION = 5.0;
				TARGETED_DEVICE_FAMILY = "1,2";
			};
			name = Release;
		};
/* End XCBuildConfiguration section */

/* Begin XCConfigurationList section */
		D89F1872293CD3DE007E1D38 /* Build configuration list for PBXProject "SpeackerCleaner" */ = {
			isa = XCConfigurationList;
			buildConfigurations = (
				D89F1889293CD3E0007E1D38 /* Debug */,
				D89F188A293CD3E0007E1D38 /* Release */,
			);
			defaultConfigurationIsVisible = 0;
			defaultConfigurationName = Release;
		};
		D89F188B293CD3E0007E1D38 /* Build configuration list for PBXNativeTarget "SpeackerCleaner" */ = {
			isa = XCConfigurationList;
			buildConfigurations = (
				D89F188C293CD3E0007E1D38 /* Debug */,
				D89F188D293CD3E0007E1D38 /* Release */,
			);
			defaultConfigurationIsVisible = 0;
			defaultConfigurationName = Release;
		};
/* End XCConfigurationList section */
	};
	rootObject = D89F186F293CD3DE007E1D38 /* Project object */;
}
